
Microsoft Visual Studio Solution File, Format Version 12.00
# Visual Studio Version 17
VisualStudioVersion = 17.10.35122.118
MinimumVisualStudioVersion = 10.0.40219.1
Project("{FAE04EC0-301F-11D3-BF4B-00C04F79EFBC}") = "Gremlin_app", "Gremlin_app\Gremlin_app.csproj", "{ABB2C7D7-D52A-4AE5-BC62-C097A7309C83}"
EndProject
Global
	GlobalSection(SolutionConfigurationPlatforms) = preSolution
		Debug|Any CPU = Debug|Any CPU
		Release|Any CPU = Release|Any CPU
	EndGlobalSection
	GlobalSection(ProjectConfigurationPlatforms) = postSolution
		{ABB2C7D7-D52A-4AE5-BC62-C097A7309C83}.Debug|Any CPU.ActiveCfg = Debug|Any CPU
		{ABB2C7D7-D52A-4AE5-BC62-C097A7309C83}.Debug|Any CPU.Build.0 = Debug|Any CPU
		{ABB2C7D7-D52A-4AE5-BC62-C097A7309C83}.Release|Any CPU.ActiveCfg = Release|Any CPU
		{ABB2C7D7-D52A-4AE5-BC62-C097A7309C83}.Release|Any CPU.Build.0 = Release|Any CPU
	EndGlobalSection
	GlobalSection(SolutionProperties) = preSolution
		HideSolutionNode = FALSE
	EndGlobalSection
	GlobalSection(ExtensibilityGlobals) = postSolution
		SolutionGuid = {EEC2D279-9D08-47A6-BE73-2C6913A06555}
	EndGlobalSection
EndGlobal
