
Microsoft Visual Studio Solution File, Format Version 12.00
# Visual Studio Version 17
VisualStudioVersion = 17.10.35122.118
MinimumVisualStudioVersion = 10.0.40219.1
Project("{FAE04EC0-301F-11D3-BF4B-00C04F79EFBC}") = "MongoDB_app", "MongoDB_app\MongoDB_app.csproj", "{6B29BD42-AFD1-4C5A-9C3C-F2F9BF02B162}"
EndProject
Global
	GlobalSection(SolutionConfigurationPlatforms) = preSolution
		Debug|Any CPU = Debug|Any CPU
		Release|Any CPU = Release|Any CPU
	EndGlobalSection
	GlobalSection(ProjectConfigurationPlatforms) = postSolution
		{6B29BD42-AFD1-4C5A-9C3C-F2F9BF02B162}.Debug|Any CPU.ActiveCfg = Debug|Any CPU
		{6B29BD42-AFD1-4C5A-9C3C-F2F9BF02B162}.Debug|Any CPU.Build.0 = Debug|Any CPU
		{6B29BD42-AFD1-4C5A-9C3C-F2F9BF02B162}.Release|Any CPU.ActiveCfg = Release|Any CPU
		{6B29BD42-AFD1-4C5A-9C3C-F2F9BF02B162}.Release|Any CPU.Build.0 = Release|Any CPU
	EndGlobalSection
	GlobalSection(SolutionProperties) = preSolution
		HideSolutionNode = FALSE
	EndGlobalSection
	GlobalSection(ExtensibilityGlobals) = postSolution
		SolutionGuid = {C85E82AB-0A31-4BBA-8C8C-A32D8CD125DB}
	EndGlobalSection
EndGlobal
