
Microsoft Visual Studio Solution File, Format Version 12.00
# Visual Studio Version 17
VisualStudioVersion = 17.10.35122.118
MinimumVisualStudioVersion = 10.0.40219.1
Project("{FAE04EC0-301F-11D3-BF4B-00C04F79EFBC}") = "Redis_app", "Redis_app\Redis_app.csproj", "{4E3B7E5A-42E9-4F12-8978-B3A17EFB9062}"
EndProject
Global
	GlobalSection(SolutionConfigurationPlatforms) = preSolution
		Debug|Any CPU = Debug|Any CPU
		Release|Any CPU = Release|Any CPU
	EndGlobalSection
	GlobalSection(ProjectConfigurationPlatforms) = postSolution
		{4E3B7E5A-42E9-4F12-8978-B3A17EFB9062}.Debug|Any CPU.ActiveCfg = Debug|Any CPU
		{4E3B7E5A-42E9-4F12-8978-B3A17EFB9062}.Debug|Any CPU.Build.0 = Debug|Any CPU
		{4E3B7E5A-42E9-4F12-8978-B3A17EFB9062}.Release|Any CPU.ActiveCfg = Release|Any CPU
		{4E3B7E5A-42E9-4F12-8978-B3A17EFB9062}.Release|Any CPU.Build.0 = Release|Any CPU
	EndGlobalSection
	GlobalSection(SolutionProperties) = preSolution
		HideSolutionNode = FALSE
	EndGlobalSection
	GlobalSection(ExtensibilityGlobals) = postSolution
		SolutionGuid = {2860A704-A768-40F7-8253-D68725B8BC9C}
	EndGlobalSection
EndGlobal
