
Microsoft Visual Studio Solution File, Format Version 12.00
# Visual Studio Version 17
VisualStudioVersion = 17.10.35122.118
MinimumVisualStudioVersion = 10.0.40219.1
Project("{FAE04EC0-301F-11D3-BF4B-00C04F79EFBC}") = "Memcached_app", "Memcached_app\Memcached_app.csproj", "{C2AD9443-76BA-47F7-A487-F881B084E234}"
EndProject
Global
	GlobalSection(SolutionConfigurationPlatforms) = preSolution
		Debug|Any CPU = Debug|Any CPU
		Release|Any CPU = Release|Any CPU
	EndGlobalSection
	GlobalSection(ProjectConfigurationPlatforms) = postSolution
		{C2AD9443-76BA-47F7-A487-F881B084E234}.Debug|Any CPU.ActiveCfg = Debug|Any CPU
		{C2AD9443-76BA-47F7-A487-F881B084E234}.Debug|Any CPU.Build.0 = Debug|Any CPU
		{C2AD9443-76BA-47F7-A487-F881B084E234}.Release|Any CPU.ActiveCfg = Release|Any CPU
		{C2AD9443-76BA-47F7-A487-F881B084E234}.Release|Any CPU.Build.0 = Release|Any CPU
	EndGlobalSection
	GlobalSection(SolutionProperties) = preSolution
		HideSolutionNode = FALSE
	EndGlobalSection
	GlobalSection(ExtensibilityGlobals) = postSolution
		SolutionGuid = {6E857ED7-0A05-485C-A998-E15243F4484F}
	EndGlobalSection
EndGlobal
